
Microsoft Visual Studio Solution File, Format Version 12.00
# Visual Studio Version 17
VisualStudioVersion = 17.3.32901.215
MinimumVisualStudioVersion = 10.0.40219.1
Project("{FAE04EC0-301F-11D3-BF4B-00C04F79EFBC}") = "PruebaPersonalSoft", "PruebaPersonalSoft\PruebaPersonalSoft.csproj", "{045EF728-54D7-4006-AD5B-1520FA230332}"
EndProject
Global
	GlobalSection(SolutionConfigurationPlatforms) = preSolution
		Debug|Any CPU = Debug|Any CPU
		Release|Any CPU = Release|Any CPU
	EndGlobalSection
	GlobalSection(ProjectConfigurationPlatforms) = postSolution
		{045EF728-54D7-4006-AD5B-1520FA230332}.Debug|Any CPU.ActiveCfg = Debug|Any CPU
		{045EF728-54D7-4006-AD5B-1520FA230332}.Debug|Any CPU.Build.0 = Debug|Any CPU
		{045EF728-54D7-4006-AD5B-1520FA230332}.Release|Any CPU.ActiveCfg = Release|Any CPU
		{045EF728-54D7-4006-AD5B-1520FA230332}.Release|Any CPU.Build.0 = Release|Any CPU
	EndGlobalSection
	GlobalSection(SolutionProperties) = preSolution
		HideSolutionNode = FALSE
	EndGlobalSection
	GlobalSection(ExtensibilityGlobals) = postSolution
		SolutionGuid = {61637B9B-17EF-4810-84B3-82D03683BA45}
	EndGlobalSection
EndGlobal
